
Microsoft Visual Studio Solution File, Format Version 12.00
# Visual Studio 2015
Project("{8BC9CEB8-8B4A-11D0-8D11-00A0C91BC942}") = "FaceDetection", "FaceDetection.vcxproj", "{631F13DE-53DF-4D31-9009-B32F90C7A51C}"
EndProject
Global
	GlobalSection(SolutionConfigurationPlatforms) = preSolution
		Debug|Win32 = Debug|Win32
		Release|Win32 = Release|Win32
	EndGlobalSection
	GlobalSection(ProjectConfigurationPlatforms) = postSolution
		{631F13DE-53DF-4D31-9009-B32F90C7A51C}.Debug|Win32.ActiveCfg = Debug|Win32
		{631F13DE-53DF-4D31-9009-B32F90C7A51C}.Debug|Win32.Build.0 = Debug|Win32
		{631F13DE-53DF-4D31-9009-B32F90C7A51C}.Release|Win32.ActiveCfg = Release|Win32
		{631F13DE-53DF-4D31-9009-B32F90C7A51C}.Release|Win32.Build.0 = Release|Win32
	EndGlobalSection
	GlobalSection(SolutionProperties) = preSolution
		HideSolutionNode = FALSE
	EndGlobalSection
EndGlobal
